
Microsoft Visual Studio Solution File, Format Version 12.00
# Visual Studio Version 16
VisualStudioVersion = 16.0.31727.386
MinimumVisualStudioVersion = 10.0.40219.1
Project("{9A19103F-16F7-4668-BE54-9A1E7A4F7556}") = "Ecommerce", "Ecommerce\Ecommerce.csproj", "{69520297-8EFC-4DF0-968B-EDEA411C68D7}"
EndProject
Project("{9A19103F-16F7-4668-BE54-9A1E7A4F7556}") = "EcommerceRepository", "EcommerceRepository\EcommerceRepository.csproj", "{491E4270-B479-4B88-966F-BE0B4BE82F89}"
EndProject
Project("{9A19103F-16F7-4668-BE54-9A1E7A4F7556}") = "Utilities", "Utilities\Utilities.csproj", "{2C9DDDFD-E641-4BF7-A3C2-D96040259CEF}"
EndProject
Project("{FAE04EC0-301F-11D3-BF4B-00C04F79EFBC}") = "ViewModels", "ViewModels\ViewModels.csproj", "{254849EF-C13C-4F67-A9EA-0DFD31873E8C}"
EndProject
Project("{FAE04EC0-301F-11D3-BF4B-00C04F79EFBC}") = "Ecommerce.Tests", "Ecommerce.Tests\Ecommerce.Tests.csproj", "{D82D8586-B06E-4D02-897F-8BB268A8A21D}"
EndProject
Global
	GlobalSection(SolutionConfigurationPlatforms) = preSolution
		Debug|Any CPU = Debug|Any CPU
		Release|Any CPU = Release|Any CPU
	EndGlobalSection
	GlobalSection(ProjectConfigurationPlatforms) = postSolution
		{69520297-8EFC-4DF0-968B-EDEA411C68D7}.Debug|Any CPU.ActiveCfg = Debug|Any CPU
		{69520297-8EFC-4DF0-968B-EDEA411C68D7}.Debug|Any CPU.Build.0 = Debug|Any CPU
		{69520297-8EFC-4DF0-968B-EDEA411C68D7}.Release|Any CPU.ActiveCfg = Release|Any CPU
		{69520297-8EFC-4DF0-968B-EDEA411C68D7}.Release|Any CPU.Build.0 = Release|Any CPU
		{491E4270-B479-4B88-966F-BE0B4BE82F89}.Debug|Any CPU.ActiveCfg = Debug|Any CPU
		{491E4270-B479-4B88-966F-BE0B4BE82F89}.Debug|Any CPU.Build.0 = Debug|Any CPU
		{491E4270-B479-4B88-966F-BE0B4BE82F89}.Release|Any CPU.ActiveCfg = Release|Any CPU
		{491E4270-B479-4B88-966F-BE0B4BE82F89}.Release|Any CPU.Build.0 = Release|Any CPU
		{2C9DDDFD-E641-4BF7-A3C2-D96040259CEF}.Debug|Any CPU.ActiveCfg = Debug|Any CPU
		{2C9DDDFD-E641-4BF7-A3C2-D96040259CEF}.Debug|Any CPU.Build.0 = Debug|Any CPU
		{2C9DDDFD-E641-4BF7-A3C2-D96040259CEF}.Release|Any CPU.ActiveCfg = Release|Any CPU
		{2C9DDDFD-E641-4BF7-A3C2-D96040259CEF}.Release|Any CPU.Build.0 = Release|Any CPU
		{254849EF-C13C-4F67-A9EA-0DFD31873E8C}.Debug|Any CPU.ActiveCfg = Debug|Any CPU
		{254849EF-C13C-4F67-A9EA-0DFD31873E8C}.Debug|Any CPU.Build.0 = Debug|Any CPU
		{254849EF-C13C-4F67-A9EA-0DFD31873E8C}.Release|Any CPU.ActiveCfg = Release|Any CPU
		{254849EF-C13C-4F67-A9EA-0DFD31873E8C}.Release|Any CPU.Build.0 = Release|Any CPU
		{D82D8586-B06E-4D02-897F-8BB268A8A21D}.Debug|Any CPU.ActiveCfg = Debug|Any CPU
		{D82D8586-B06E-4D02-897F-8BB268A8A21D}.Debug|Any CPU.Build.0 = Debug|Any CPU
		{D82D8586-B06E-4D02-897F-8BB268A8A21D}.Release|Any CPU.ActiveCfg = Release|Any CPU
		{D82D8586-B06E-4D02-897F-8BB268A8A21D}.Release|Any CPU.Build.0 = Release|Any CPU
	EndGlobalSection
	GlobalSection(SolutionProperties) = preSolution
		HideSolutionNode = FALSE
	EndGlobalSection
	GlobalSection(ExtensibilityGlobals) = postSolution
		SolutionGuid = {280AD6E0-045D-4E14-8AA4-B22C6974FEFF}
	EndGlobalSection
EndGlobal
